
Microsoft Visual Studio Solution File, Format Version 12.00
# Visual Studio Version 16
VisualStudioVersion = 16.0.32901.82
MinimumVisualStudioVersion = 10.0.40219.1
Project("{FAE04EC0-301F-11D3-BF4B-00C04F79EFBC}") = "BatchProtect", "BatchProtect.csproj", "{ED860FDE-0D37-44BC-8176-902DB9F4D841}"
EndProject
Global
	GlobalSection(SolutionConfigurationPlatforms) = preSolution
		Debug|Any CPU = Debug|Any CPU
		Release|Any CPU = Release|Any CPU
	EndGlobalSection
	GlobalSection(ProjectConfigurationPlatforms) = postSolution
		{ED860FDE-0D37-44BC-8176-902DB9F4D841}.Debug|Any CPU.ActiveCfg = Debug|Any CPU
		{ED860FDE-0D37-44BC-8176-902DB9F4D841}.Debug|Any CPU.Build.0 = Debug|Any CPU
		{ED860FDE-0D37-44BC-8176-902DB9F4D841}.Release|Any CPU.ActiveCfg = Release|Any CPU
		{ED860FDE-0D37-44BC-8176-902DB9F4D841}.Release|Any CPU.Build.0 = Release|Any CPU
	EndGlobalSection
	GlobalSection(SolutionProperties) = preSolution
		HideSolutionNode = FALSE
	EndGlobalSection
	GlobalSection(ExtensibilityGlobals) = postSolution
		SolutionGuid = {B176F146-05FD-4C55-94C4-537035B4C22C}
	EndGlobalSection
EndGlobal
